# This file is automatically @generated by Poetry 1.8.3 and should not be changed by hand.
#
# 【这是 fixture 的锁文件，不是真的能装的锁】它的作用是让信号采集认出"这个仓库用 poetry"
# （设计文档 §C.3：锁文件比 package.json / pyproject 里的声明权威）。真去 `poetry install`
# 会失败——P7 的健康检查如果拿这个 fixture 跑，会如实报 failed，那也是一种合法的信号。
package = []

[metadata]
lock-version = "2.0"
python-versions = ">=3.11,<4.0"
content-hash = "0000000000000000000000000000000000000000000000000000000000000000"
